
Microsoft Visual Studio Solution File, Format Version 12.00
# Visual Studio Version 17
VisualStudioVersion = 17.12.35707.178
MinimumVisualStudioVersion = 10.0.40219.1
Project("{FAE04EC0-301F-11D3-BF4B-00C04F79EFBC}") = "SpeechToTextCli", "src\SpeechToTextCli\SpeechToTextCli.csproj", "{3FFF6E3A-E57A-4B98-BC90-C525AE32BE08}"
EndProject
Project("{FAE04EC0-301F-11D3-BF4B-00C04F79EFBC}") = "SpeechToTextProcessor", "src\SpeechToTextProcessor\SpeechToTextProcessor.csproj", "{32CAFAD0-09A8-4CE7-AE7F-D68285C6F90C}"
EndProject
Project("{2150E333-8FDC-42A3-9474-1A3956D46DE8}") = "src", "src", "{489BD75A-4129-4523-B886-E54A91A210AE}"
EndProject
Global
	GlobalSection(SolutionConfigurationPlatforms) = preSolution
		Debug|Any CPU = Debug|Any CPU
		Release|Any CPU = Release|Any CPU
	EndGlobalSection
	GlobalSection(ProjectConfigurationPlatforms) = postSolution
		{3FFF6E3A-E57A-4B98-BC90-C525AE32BE08}.Debug|Any CPU.ActiveCfg = Debug|Any CPU
		{3FFF6E3A-E57A-4B98-BC90-C525AE32BE08}.Debug|Any CPU.Build.0 = Debug|Any CPU
		{3FFF6E3A-E57A-4B98-BC90-C525AE32BE08}.Release|Any CPU.ActiveCfg = Release|Any CPU
		{3FFF6E3A-E57A-4B98-BC90-C525AE32BE08}.Release|Any CPU.Build.0 = Release|Any CPU
		{32CAFAD0-09A8-4CE7-AE7F-D68285C6F90C}.Debug|Any CPU.ActiveCfg = Debug|Any CPU
		{32CAFAD0-09A8-4CE7-AE7F-D68285C6F90C}.Debug|Any CPU.Build.0 = Debug|Any CPU
		{32CAFAD0-09A8-4CE7-AE7F-D68285C6F90C}.Release|Any CPU.ActiveCfg = Release|Any CPU
		{32CAFAD0-09A8-4CE7-AE7F-D68285C6F90C}.Release|Any CPU.Build.0 = Release|Any CPU
	EndGlobalSection
	GlobalSection(SolutionProperties) = preSolution
		HideSolutionNode = FALSE
	EndGlobalSection
	GlobalSection(NestedProjects) = preSolution
		{3FFF6E3A-E57A-4B98-BC90-C525AE32BE08} = {489BD75A-4129-4523-B886-E54A91A210AE}
		{32CAFAD0-09A8-4CE7-AE7F-D68285C6F90C} = {489BD75A-4129-4523-B886-E54A91A210AE}
	EndGlobalSection
EndGlobal
